Microsoft Visual Studio Solution File, Format Version 12.00
# Visual Studio Version 17
VisualStudioVersion = 17.5.2.0
MinimumVisualStudioVersion = 10.0.40219.1
Project("{FAE04EC0-301F-11D3-BF4B-00C04F79EFBC}") = "ProjCrud", "ProjCrud.csproj", "{FC830EC8-AC3D-2E8D-E159-69D759CEA62E}"
EndProject
Global
	GlobalSection(SolutionConfigurationPlatforms) = preSolution
		Debug|Any CPU = Debug|Any CPU
		Release|Any CPU = Release|Any CPU
	EndGlobalSection
	GlobalSection(ProjectConfigurationPlatforms) = postSolution
		{FC830EC8-AC3D-2E8D-E159-69D759CEA62E}.Debug|Any CPU.ActiveCfg = Debug|Any CPU
		{FC830EC8-AC3D-2E8D-E159-69D759CEA62E}.Debug|Any CPU.Build.0 = Debug|Any CPU
		{FC830EC8-AC3D-2E8D-E159-69D759CEA62E}.Release|Any CPU.ActiveCfg = Release|Any CPU
		{FC830EC8-AC3D-2E8D-E159-69D759CEA62E}.Release|Any CPU.Build.0 = Release|Any CPU
	EndGlobalSection
	GlobalSection(SolutionProperties) = preSolution
		HideSolutionNode = FALSE
	EndGlobalSection
	GlobalSection(ExtensibilityGlobals) = postSolution
		SolutionGuid = {B70BA9CC-5BAF-4EF7-BE81-86773ECA1840}
	EndGlobalSection
EndGlobal
